
Microsoft Visual Studio Solution File, Format Version 12.00
# Visual Studio Version 17
VisualStudioVersion = 17.3.32825.248
MinimumVisualStudioVersion = 10.0.40219.1
Project("{9A19103F-16F7-4668-BE54-9A1E7A4F7556}") = "MusicBot", "MusicBot\MusicBot.csproj", "{FB93B623-A6CD-44F9-B528-FD228CBB2D02}"
EndProject
Global
	GlobalSection(SolutionConfigurationPlatforms) = preSolution
		Debug|Any CPU = Debug|Any CPU
		Release|Any CPU = Release|Any CPU
	EndGlobalSection
	GlobalSection(ProjectConfigurationPlatforms) = postSolution
		{FB93B623-A6CD-44F9-B528-FD228CBB2D02}.Debug|Any CPU.ActiveCfg = Debug|Any CPU
		{FB93B623-A6CD-44F9-B528-FD228CBB2D02}.Debug|Any CPU.Build.0 = Debug|Any CPU
		{FB93B623-A6CD-44F9-B528-FD228CBB2D02}.Release|Any CPU.ActiveCfg = Release|Any CPU
		{FB93B623-A6CD-44F9-B528-FD228CBB2D02}.Release|Any CPU.Build.0 = Release|Any CPU
	EndGlobalSection
	GlobalSection(SolutionProperties) = preSolution
		HideSolutionNode = FALSE
	EndGlobalSection
	GlobalSection(ExtensibilityGlobals) = postSolution
		SolutionGuid = {16E6421C-7C8D-4DFC-B87B-80DCE372E13B}
	EndGlobalSection
EndGlobal
